
Microsoft Visual Studio Solution File, Format Version 12.00
# Visual Studio Version 17
VisualStudioVersion = 17.3.32922.545
MinimumVisualStudioVersion = 10.0.40219.1
Project("{9A19103F-16F7-4668-BE54-9A1E7A4F7556}") = "ProjectsControl", "ProjectsControl\ProjectsControl.csproj", "{37E96B68-BC71-49E7-86D8-ECB850C253B5}"
EndProject
Project("{E53339B2-1760-4266-BCC7-CA923CBCF16C}") = "docker-compose", "docker-compose.dcproj", "{DE321DB6-C1B1-45D9-924D-CF32A8243A4F}"
EndProject
Project("{FAE04EC0-301F-11D3-BF4B-00C04F79EFBC}") = "ProjectsControlTests", "ProjectsControlTests\ProjectsControlTests.csproj", "{7B35BA83-725D-4CE9-ADF8-35B9700DB50A}"
EndProject
Global
	GlobalSection(SolutionConfigurationPlatforms) = preSolution
		Debug|Any CPU = Debug|Any CPU
		Release|Any CPU = Release|Any CPU
	EndGlobalSection
	GlobalSection(ProjectConfigurationPlatforms) = postSolution
		{37E96B68-BC71-49E7-86D8-ECB850C253B5}.Debug|Any CPU.ActiveCfg = Debug|Any CPU
		{37E96B68-BC71-49E7-86D8-ECB850C253B5}.Debug|Any CPU.Build.0 = Debug|Any CPU
		{37E96B68-BC71-49E7-86D8-ECB850C253B5}.Release|Any CPU.ActiveCfg = Release|Any CPU
		{37E96B68-BC71-49E7-86D8-ECB850C253B5}.Release|Any CPU.Build.0 = Release|Any CPU
		{DE321DB6-C1B1-45D9-924D-CF32A8243A4F}.Debug|Any CPU.ActiveCfg = Debug|Any CPU
		{DE321DB6-C1B1-45D9-924D-CF32A8243A4F}.Debug|Any CPU.Build.0 = Debug|Any CPU
		{DE321DB6-C1B1-45D9-924D-CF32A8243A4F}.Release|Any CPU.ActiveCfg = Release|Any CPU
		{DE321DB6-C1B1-45D9-924D-CF32A8243A4F}.Release|Any CPU.Build.0 = Release|Any CPU
		{7B35BA83-725D-4CE9-ADF8-35B9700DB50A}.Debug|Any CPU.ActiveCfg = Debug|Any CPU
		{7B35BA83-725D-4CE9-ADF8-35B9700DB50A}.Debug|Any CPU.Build.0 = Debug|Any CPU
		{7B35BA83-725D-4CE9-ADF8-35B9700DB50A}.Release|Any CPU.ActiveCfg = Release|Any CPU
		{7B35BA83-725D-4CE9-ADF8-35B9700DB50A}.Release|Any CPU.Build.0 = Release|Any CPU
	EndGlobalSection
	GlobalSection(SolutionProperties) = preSolution
		HideSolutionNode = FALSE
	EndGlobalSection
	GlobalSection(ExtensibilityGlobals) = postSolution
		SolutionGuid = {EA8578EE-EF08-4282-8439-4A794439A76A}
	EndGlobalSection
EndGlobal
